PODS:
  - Alamofire (5.6.2)
  - Differentiator (5.0.0)
  - FirebaseAppDistribution (0.9.3):
    - FirebaseCore (~> 6.10)
    - FirebaseInstallations (~> 1.6)
    - GoogleDataTransport (~> 7.2)
    - GoogleUtilities/AppDelegateSwizzler (~> 6.7)
    - GoogleUtilities/UserDefaults (~> 6.7)
  - FirebaseCore (6.10.4):
    - FirebaseCoreDiagnostics (~> 1.6)
    - GoogleUtilities/Environment (~> 6.7)
    - GoogleUtilities/Logger (~> 6.7)
  - FirebaseCoreDiagnostics (1.7.0):
    - GoogleDataTransport (~> 7.4)
    - GoogleUtilities/Environment (~> 6.7)
    - GoogleUtilities/Logger (~> 6.7)
    - nanopb (~> 1.30906.0)
  - FirebaseInstallations (1.7.0):
    - FirebaseCore (~> 6.10)
    - GoogleUtilities/Environment (~> 6.7)
    - GoogleUtilities/UserDefaults (~> 6.7)
    - PromisesObjC (~> 1.2)
  - GoogleDataTransport (7.5.1):
    - nanopb (~> 1.30906.0)
  - GoogleUtilities/AppDelegateSwizzler (6.7.2):
    - GoogleUtilities/Environment
    - GoogleUtilities/Logger
    - GoogleUtilities/Network
  - GoogleUtilities/Environment (6.7.2):
    - PromisesObjC (~> 1.2)
  - GoogleUtilities/Logger (6.7.2):
    - GoogleUtilities/Environment
  - GoogleUtilities/Network (6.7.2):
    - GoogleUtilities/Logger
    - "GoogleUtilities/NSData+zlib"
    - GoogleUtilities/Reachability
  - "GoogleUtilities/NSData+zlib (6.7.2)"
  - GoogleUtilities/Reachability (6.7.2):
    - GoogleUtilities/Logger
  - GoogleUtilities/UserDefaults (6.7.2):
    - GoogleUtilities/Logger
  - nanopb (1.30906.0):
    - nanopb/decode (= 1.30906.0)
    - nanopb/encode (= 1.30906.0)
  - nanopb/decode (1.30906.0)
  - nanopb/encode (1.30906.0)
  - Nimble (10.0.0)
  - PromisesObjC (1.2.12)
  - Quick (5.0.1)
  - RxAlamofire (6.1.1):
    - RxAlamofire/Core (= 6.1.1)
  - RxAlamofire/Core (6.1.1):
    - Alamofire (~> 5.4)
    - RxSwift (~> 6.0)
  - RxBlocking (6.5.0):
    - RxSwift (= 6.5.0)
  - RxCocoa (6.5.0):
    - RxRelay (= 6.5.0)
    - RxSwift (= 6.5.0)
  - RxDataSources (5.0.0):
    - Differentiator (~> 5.0)
    - RxCocoa (~> 6.0)
    - RxSwift (~> 6.0)
  - RxNimble/Core (6.0.0):
    - Nimble (~> 10.0)
    - RxSwift (~> 6.0)
  - RxNimble/RxBlocking (6.0.0):
    - RxBlocking
    - RxNimble/Core
  - RxNimble/RxTest (6.0.0):
    - RxNimble/Core
    - RxTest
  - RxRelay (6.5.0):
    - RxSwift (= 6.5.0)
  - RxSwift (6.5.0)
  - RxTest (6.5.0):
    - RxSwift (= 6.5.0)
  - Sourcery (1.8.0):
    - Sourcery/CLI-Only (= 1.8.0)
  - Sourcery/CLI-Only (1.8.0)
  - SwiftFormat/CLI (0.49.18)
  - SwiftLint (0.49.1)

DEPENDENCIES:
  - FirebaseAppDistribution
  - Nimble
  - Quick
  - RxAlamofire
  - RxCocoa
  - RxDataSources
  - RxNimble/RxBlocking
  - RxNimble/RxTest
  - RxSwift
  - Sourcery (= 1.8.0)
  - SwiftFormat/CLI
  - SwiftLint

SPEC REPOS:
  trunk:
    - Alamofire
    - Differentiator
    - FirebaseAppDistribution
    - FirebaseCore
    - FirebaseCoreDiagnostics
    - FirebaseInstallations
    - GoogleDataTransport
    - GoogleUtilities
    - nanopb
    - Nimble
    - PromisesObjC
    - Quick
    - RxAlamofire
    - RxBlocking
    - RxCocoa
    - RxDataSources
    - RxNimble
    - RxRelay
    - RxSwift
    - RxTest
    - Sourcery
    - SwiftFormat
    - SwiftLint

SPEC CHECKSUMS:
  Alamofire: d368e1ff8a298e6dde360e35a3e68e6c610e7204
  Differentiator: e8497ceab83c1b10ca233716d547b9af21b9344d
  FirebaseAppDistribution: 3b615c5fba5953351c5c96ca03217d15b0ee85d2
  FirebaseCore: d3a978a3cfa3240bf7e4ba7d137fdf5b22b628ec
  FirebaseCoreDiagnostics: 770ac5958e1372ce67959ae4b4f31d8e127c3ac1
  FirebaseInstallations: 466c7b4d1f58fe16707693091da253726a731ed2
  GoogleDataTransport: f56af7caa4ed338dc8e138a5d7c5973e66440833
  GoogleUtilities: 7f2f5a07f888cdb145101d6042bc4422f57e70b3
  nanopb: 59317e09cf1f1a0af72f12af412d54edf52603fc
  Nimble: 5316ef81a170ce87baf72dd961f22f89a602ff84
  PromisesObjC: 3113f7f76903778cf4a0586bd1ab89329a0b7b97
  Quick: 749aa754fd1e7d984f2000fe051e18a3a9809179
  RxAlamofire: beb75a1c452d0de225651db4903f5d29d034a620
  RxBlocking: 04b5fd28bb5ea49f7d64b80db8bbfe50d9cc1c7d
  RxCocoa: 94f817b71c07517321eb4f9ad299112ca8af743b
  RxDataSources: aa47cc1ed6c500fa0dfecac5c979b723542d79cf
  RxNimble: 04caf11bd7e8f7669d68ef69b8fdfe41552c1ef2
  RxRelay: 1de1523e604c72b6c68feadedd1af3b1b4d0ecbd
  RxSwift: 5710a9e6b17f3c3d6e40d6e559b9fa1e813b2ef8
  RxTest: eb2d23adefc5a5ebf5779c7792fa3edfe6ebcc17
  Sourcery: 6f5fe49b82b7e02e8c65560cbd52e1be67a1af2e
  SwiftFormat: 2402d29b26746f169cce5454d5af88314cbb2e35
  SwiftLint: 32ee33ded0636d0905ef6911b2b67bbaeeedafa5

PODFILE CHECKSUM: 39335aedf67a232b32e92d98dbf67ca87f48db41

COCOAPODS: 1.11.3
